Microsoft Visual Studio Solution File, Format Version 11.00
# Visual Studio 2008

Project("{C19DC96C-8D80-0F3D-525A-718247EE33E9}") = "bbqGameJam2016", "Assembly-CSharp.csproj", "{5C07769F-EE68-8B35-AB8E-A3F22BC8DA79}"
EndProject
Global
	GlobalSection(SolutionConfigurationPlatforms) = preSolution
		Debug|Any CPU = Debug|Any CPU
		Release|Any CPU = Release|Any CPU
	EndGlobalSection
	GlobalSection(ProjectConfigurationPlatforms) = postSolution
		{5C07769F-EE68-8B35-AB8E-A3F22BC8DA79}.Debug|Any CPU.ActiveCfg = Debug|Any CPU
		{5C07769F-EE68-8B35-AB8E-A3F22BC8DA79}.Debug|Any CPU.Build.0 = Debug|Any CPU
		{5C07769F-EE68-8B35-AB8E-A3F22BC8DA79}.Release|Any CPU.ActiveCfg = Release|Any CPU
		{5C07769F-EE68-8B35-AB8E-A3F22BC8DA79}.Release|Any CPU.Build.0 = Release|Any CPU
	EndGlobalSection
	GlobalSection(SolutionProperties) = preSolution
		HideSolutionNode = FALSE
	EndGlobalSection
	GlobalSection(MonoDevelopProperties) = preSolution
		StartupItem = Assembly-CSharp.csproj
	EndGlobalSection
EndGlobal
